{
  "name": "build-tool-example",
  "requires": true,
  "lockfileVersion": 1,
  "dependencies": {
    "amdefine": {
      "version": "1.0.1",
      "resolved": "https://registry.npmjs.org/amdefine/-/amdefine-1.0.1.tgz",
      "integrity": "sha512-S2Hw0TtNkMJhIabBwIojKL9YHO5T0n5eNqWJ7Lrlel/zDbftQpxpapi8tZs3X1HWa+u+QeydGmzzNU0m09+Rcg=="
    },
    "argparse": {
      "version": "1.0.10",
      "resolved": "https://registry.npmjs.org/argparse/-/argparse-1.0.10.tgz",
      "integrity": "sha512-o5Roy6tNG4SL/FOkCAN6RzjiakZS25RLYFrcMttJqbdd8BWrnA+fGz57iN5Pb06pvBGvl5gQ0B48dJlslXvoTg==",
      "requires": {
        "sprintf-js": "~1.0.2"
      }
    },
    "atob": {
      "version": "2.1.2",
      "resolved": "https://registry.npmjs.org/atob/-/atob-2.1.2.tgz",
      "integrity": "sha512-Wm6ukoaOGJi/73p/cl2GvLjTI5JM1k/O14isD73YML8StrH/7/lRFgmg8nICZgD3bZZvjwCGxtMOD3wWNAu8cg=="
    },
    "autoprefixer-core": {
      "version": "5.2.1",
      "resolved": "https://registry.npmjs.org/autoprefixer-core/-/autoprefixer-core-5.2.1.tgz",
      "integrity": "sha512-1X4srCG0vAe2ArX9d3Kfkuo5yREFZwKE5mH+VHZHIhmx0V8UjDPAKmNgJlWxxNbCAraHiDPTcT2kc+3i73jR/Q==",
      "requires": {
        "browserslist": "~0.4.0",
        "caniuse-db": "^1.0.30000214",
        "num2fraction": "^1.1.0",
        "postcss": "~4.1.12"
      }
    },
    "balanced-match": {
      "version": "1.0.2",
      "resolved": "https://registry.npmjs.org/balanced-match/-/balanced-match-1.0.2.tgz",
      "integrity": "sha512-3oSeUO0TMV67hN1AmbXsK4yaqU7tjiHlbxRDZOpH0KW9+CeX4bRAaX0Anxt0tx2MrpRpWwQaPwIlISEJhYU5Pw=="
    },
    "brace-expansion": {
      "version": "1.1.11",
      "resolved": "https://registry.npmjs.org/brace-expansion/-/brace-expansion-1.1.11.tgz",
      "integrity": "sha512-iCuPHDFgrHX7H2vEI/5xpz07zSHB00TpugqhmYtVmMO6518mCuRMoOYFldEBl0g187ufozdaHgWKcYFb61qGiA==",
      "requires": {
        "balanced-match": "^1.0.0",
        "concat-map": "0.0.1"
      }
    },
    "braces": {
      "version": "3.0.2",
      "resolved": "https://registry.npmjs.org/braces/-/braces-3.0.2.tgz",
      "integrity": "sha512-b8um+L1RzM3WDSzvhm6gIz1yfTbBt6YTlcEKAvsmqCZZFw46z626lVj9j1yEPW33H5H+lBQpZMP1k8l+78Ha0A==",
      "requires": {
        "fill-range": "^7.0.1"
      }
    },
    "browserslist": {
      "version": "0.4.0",
      "resolved": "https://registry.npmjs.org/browserslist/-/browserslist-0.4.0.tgz",
      "integrity": "sha512-/JVhaf9S6ru3THyiuwX5j86pT79r5UtgwV3s6w+KpGlmUzPxfMbI5OBxO88iFtqgdqPuNirprachS3m1611qKA==",
      "requires": {
        "caniuse-db": "^1.0.30000153"
      }
    },
    "caniuse-db": {
      "version": "1.0.30001379",
      "resolved": "https://registry.npmjs.org/caniuse-db/-/caniuse-db-1.0.30001379.tgz",
      "integrity": "sha512-6Tr6yLcKGqojQ+2useIOO8GkMmXGJY7QoaxNThot6K5EUDEgqkH0kXgUi87fC7Vx7n2SP7oNw6aajVFj70C21g=="
    },
    "clone": {
      "version": "1.0.4",
      "resolved": "https://registry.npmjs.org/clone/-/clone-1.0.4.tgz",
      "integrity": "sha512-JQHZ2QMW6l3aH/j6xCqQThY/9OH4D/9ls34cgkUBiEeocRTU04tHfKPBsUK1PqZCUQM7GiA0IIXJSuXHI64Kbg=="
    },
    "clone-component": {
      "version": "0.2.2",
      "resolved": "https://registry.npmjs.org/clone-component/-/clone-component-0.2.2.tgz",
      "integrity": "sha512-vHh1CfJ1wSPjcZjcQnca7UO1xANq8igHsnFnSKKha1ka6vRsdnozL2wiO6089ryzLW7QgnOEoT5eDZ0uxbaiEA==",
      "requires": {
        "component-type": "*"
      }
    },
    "co": {
      "version": "3.1.0",
      "resolved": "https://registry.npmjs.org/co/-/co-3.1.0.tgz",
      "integrity": "sha512-CQsjCRiNObI8AtTsNIBDRMQ4oMR83CzEswHYahClvul7gKk+lDQiOKv+5qh7LQWf5sh6jkZNispz/QlsZxyNgA=="
    },
    "color": {
      "version": "0.11.4",
      "resolved": "https://registry.npmjs.org/color/-/color-0.11.4.tgz",
      "integrity": "sha512-Ajpjd8asqZ6EdxQeqGzU5WBhhTfJ/0cA4Wlbre7e5vXfmDSmda7Ov6jeKoru+b0vHcb1CqvuroTHp5zIWzhVMA==",
      "requires": {
        "clone": "^1.0.2",
        "color-convert": "^1.3.0",
        "color-string": "^0.3.0"
      }
    },
    "color-convert": {
      "version": "1.9.3",
      "resolved": "https://registry.npmjs.org/color-convert/-/color-convert-1.9.3.tgz",
      "integrity": "sha512-QfAUtd+vFdAtFQcC8CCyYt1fYWxSqAiK2cSD6zDB8N3cpsEBAvRxp9zOGg6G/SHHJYAT88/az/IuDGALsNVbGg==",
      "requires": {
        "color-name": "1.1.3"
      }
    },
    "color-name": {
      "version": "1.1.3",
      "resolved": "https://registry.npmjs.org/color-name/-/color-name-1.1.3.tgz",
      "integrity": "sha512-72fSenhMw2HZMTVHeCA9KCmpEIbzWiQsjN+BHcBbS9vr1mtt+vJjPdksIBNUmKAW8TFUDPJK5SUU3QhE9NEXDw=="
    },
    "color-string": {
      "version": "0.3.0",
      "resolved": "https://registry.npmjs.org/color-string/-/color-string-0.3.0.tgz",
      "integrity": "sha512-sz29j1bmSDfoAxKIEU6zwoIZXN6BrFbAMIhfYCNyiZXBDuU/aiHlN84lp/xDzL2ubyFhLDobHIlU1X70XRrMDA==",
      "requires": {
        "color-name": "^1.0.0"
      }
    },
    "colors": {
      "version": "0.6.2",
      "resolved": "https://registry.npmjs.org/colors/-/colors-0.6.2.tgz",
      "integrity": "sha512-OsSVtHK8Ir8r3+Fxw/b4jS1ZLPXkV6ZxDRJQzeD7qo0SqMXWrHDM71DgYzPMHY8SFJ0Ao+nNU2p1MmwdzKqPrw=="
    },
    "commander": {
      "version": "6.2.1",
      "resolved": "https://registry.npmjs.org/commander/-/commander-6.2.1.tgz",
      "integrity": "sha512-U7VdrJFnJgo4xjrHpTzu0yrHPGImdsmD95ZlgYSEajAn2JKzDhDTPG9kBTefmObL2w/ngeZnilk+OV9CG3d7UA=="
    },
    "component-type": {
      "version": "1.2.1",
      "resolved": "https://registry.npmjs.org/component-type/-/component-type-1.2.1.tgz",
      "integrity": "sha512-Kgy+2+Uwr75vAi6ChWXgHuLvd+QLD7ssgpaRq2zCvt80ptvAfMc/hijcJxXkBa2wMlEZcJvC2H8Ubo+A9ATHIg=="
    },
    "concat-map": {
      "version": "0.0.1",
      "resolved": "https://registry.npmjs.org/concat-map/-/concat-map-0.0.1.tgz",
      "integrity": "sha512-/Srv4dswyQNBfohGpz9o6Yb3Gz3SrUDqBH5rTuhGR7ahtlbYKnVxw2bCFMRljaA7EXHaXZ8wsHdodFvbkhKmqg=="
    },
    "convert-source-map": {
      "version": "0.3.5",
      "resolved": "https://registry.npmjs.org/convert-source-map/-/convert-source-map-0.3.5.tgz",
      "integrity": "sha512-+4nRk0k3oEpwUB7/CalD7xE2z4VmtEnnq0GO2IPTkrooTrAhEsWvuLF5iWP1dXrwluki/azwXV1ve7gtYuPldg=="
    },
    "cross-spawn": {
      "version": "7.0.3",
      "resolved": "https://registry.npmjs.org/cross-spawn/-/cross-spawn-7.0.3.tgz",
      "integrity": "sha512-iRDPJKUPVEND7dHPO8rkbOnPpyDygcDFtWjpeWNCgy8WP2rXcxXL8TskReQl6OrB2G7+UJrags1q15Fudc7G6w==",
      "requires": {
        "path-key": "^3.1.0",
        "shebang-command": "^2.0.0",
        "which": "^2.0.1"
      }
    },
    "css": {
      "version": "2.2.4",
      "resolved": "https://registry.npmjs.org/css/-/css-2.2.4.tgz",
      "integrity": "sha512-oUnjmWpy0niI3x/mPL8dVEI1l7MnG3+HHyRPHf+YFSbK+svOhXpmSOcDURUh2aOCgl2grzrOPt1nHLuCVFULLw==",
      "requires": {
        "inherits": "^2.0.3",
        "source-map": "^0.6.1",
        "source-map-resolve": "^0.5.2",
        "urix": "^0.1.0"
      },
      "dependencies": {
        "source-map": {
          "version": "0.6.1",
          "resolved": "https://registry.npmjs.org/source-map/-/source-map-0.6.1.tgz",
          "integrity": "sha512-UjgapumWlbMhkBgzT7Ykc5YXUT46F0iKu8SGXq0bcwP5dz/h0Plj6enJqjz1Zbq2l5WaqYnrVbwWOWMyF3F47g=="
        }
      }
    },
    "css-color-function": {
      "version": "1.3.3",
      "resolved": "https://registry.npmjs.org/css-color-function/-/css-color-function-1.3.3.tgz",
      "integrity": "sha512-YD/WhiRZIYgadwFJ48X5QmlOQ/w8Me4yQI6/eSUoiE8spIFp+S/rGpsAH48iyq/0ZWkCDWqVQKUlQmUzn7BQ9w==",
      "requires": {
        "balanced-match": "0.1.0",
        "color": "^0.11.0",
        "debug": "^3.1.0",
        "rgb": "~0.1.0"
      },
      "dependencies": {
        "balanced-match": {
          "version": "0.1.0",
          "resolved": "https://registry.npmjs.org/balanced-match/-/balanced-match-0.1.0.tgz",
          "integrity": "sha512-4xb6XqAEo3Z+5pEDJz33R8BZXI8FRJU+cDNLdKgDpmnz+pKKRVYLpdv+VvUAC7yUhBMj4izmyt19eCGv1QGV7A=="
        },
        "debug": {
          "version": "3.2.7",
          "resolved": "https://registry.npmjs.org/debug/-/debug-3.2.7.tgz",
          "integrity": "sha512-CFjzYYAi4ThfiQvizrFQevTTXHtnCqWfe7x1AhgEscTz6ZbLbfoLRLPugTQyBth6f8ZERVUSyWHFD/7Wu4t1XQ==",
          "requires": {
            "ms": "^2.1.1"
          }
        }
      }
    },
    "debug": {
      "version": "4.3.4",
      "resolved": "https://registry.npmjs.org/debug/-/debug-4.3.4.tgz",
      "integrity": "sha512-PRWFHuSU3eDtQJPvnNY7Jcket1j0t5OuOsFzPPzsekD52Zl8qUfFIPEiswXqIvHWGVHOgX+7G/vCNNhehwxfkQ==",
      "requires": {
        "ms": "2.1.2"
      }
    },
    "decode-uri-component": {
      "version": "0.2.0",
      "resolved": "https://registry.npmjs.org/decode-uri-component/-/decode-uri-component-0.2.0.tgz",
      "integrity": "sha512-hjf+xovcEn31w/EUYdTXQh/8smFL/dzYjohQGEIgjyNavaJfBY2p5F527Bo1VPATxv0VYTUC2bOcXvqFwk78Og=="
    },
    "es6-promise": {
      "version": "2.3.0",
      "resolved": "https://registry.npmjs.org/es6-promise/-/es6-promise-2.3.0.tgz",
      "integrity": "sha512-oyOjMhyKMLEjOOtvkwg0G4pAzLQ9WdbbeX7WdqKzvYXu+UFgD0Zo/Brq5Q49zNmnGPPzV5rmYvrr0jz1zWx8Iw=="
    },
    "esprima": {
      "version": "4.0.1",
      "resolved": "https://registry.npmjs.org/esprima/-/esprima-4.0.1.tgz",
      "integrity": "sha512-eGuFFw7Upda+g4p+QHvnW0RyTX/SVeJBDM/gCtMARO0cLuT2HcEKnTPvhjV6aGeqrCB/sbNop0Kszm0jsaWU4A=="
    },
    "extend-shallow": {
      "version": "2.0.1",
      "resolved": "https://registry.npmjs.org/extend-shallow/-/extend-shallow-2.0.1.tgz",
      "integrity": "sha512-zCnTtlxNoAiDc3gqY2aYAWFx7XWWiasuF2K8Me5WbN8otHKTUKBwjPtNpRs/rbUZm7KxWAaNj7P1a/p52GbVug==",
      "requires": {
        "is-extendable": "^0.1.0"
      }
    },
    "fill-range": {
      "version": "7.0.1",
      "resolved": "https://registry.npmjs.org/fill-range/-/fill-range-7.0.1.tgz",
      "integrity": "sha512-qOo9F+dMUmC2Lcb4BbVvnKJxTPjCm+RRpe4gDuGrzkL7mEVl/djYSu2OdQ2Pa302N4oqkSg9ir6jaLWJ2USVpQ==",
      "requires": {
        "to-regex-range": "^5.0.1"
      }
    },
    "find-file": {
      "version": "0.1.4",
      "resolved": "https://registry.npmjs.org/find-file/-/find-file-0.1.4.tgz",
      "integrity": "sha512-riTHvD75L862pgvXLWQE8U1sC/NwWNQLPN0Dtl80Yg97o0zYvDg1OliDYcwIAvufdZfKaQAxYpHaQgPw2PiEmw=="
    },
    "fs.realpath": {
      "version": "1.0.0",
      "resolved": "https://registry.npmjs.org/fs.realpath/-/fs.realpath-1.0.0.tgz",
      "integrity": "sha512-OO0pH2lK6a0hZnAdau5ItzHPI6pUlvI7jMVnxUQRtw4owF2wk8lOSabtGDCTP4Ggrg2MbGnWO9X8K1t4+fGMDw=="
    },
    "gather-stream": {
      "version": "1.0.0",
      "resolved": "https://registry.npmjs.org/gather-stream/-/gather-stream-1.0.0.tgz",
      "integrity": "sha512-NspYMi3rN3EKmMdejUXbtluDYrcRlTEBBFhWzVRZVsOx94OPxlXp0AzyPKyLiT7iaurcoTE/KcHsHP/PowNEaA=="
    },
    "glob": {
      "version": "7.2.3",
      "resolved": "https://registry.npmjs.org/glob/-/glob-7.2.3.tgz",
      "integrity": "sha512-nFR0zLpU2YCaRxwoCJvL6UvCH2JFyFVIvwTLsIf21AuHlMskA1hhTdk+LlYJtOlYt9v6dvszD2BGRqBL+iQK9Q==",
      "requires": {
        "fs.realpath": "^1.0.0",
        "inflight": "^1.0.4",
        "inherits": "2",
        "minimatch": "^3.1.1",
        "once": "^1.3.0",
        "path-is-absolute": "^1.0.0"
      }
    },
    "gray-matter": {
      "version": "4.0.3",
      "resolved": "https://registry.npmjs.org/gray-matter/-/gray-matter-4.0.3.tgz",
      "integrity": "sha512-5v6yZd4JK3eMI3FqqCouswVqwugaA9r4dNZB1wwcmrD02QkV5H0y7XBQW8QwQqEaZY1pM9aqORSORhJRdNK44Q==",
      "requires": {
        "js-yaml": "^3.13.1",
        "kind-of": "^6.0.2",
        "section-matter": "^1.0.0",
        "strip-bom-string": "^1.0.0"
      }
    },
    "inflight": {
      "version": "1.0.6",
      "resolved": "https://registry.npmjs.org/inflight/-/inflight-1.0.6.tgz",
      "integrity": "sha512-k92I/b08q4wvFscXCLvqfsHCrjrF7yiXsQuIVvVE7N82W3+aqpzuUdBbfhWcy/FZR3/4IgflMgKLOsvPDrGCJA==",
      "requires": {
        "once": "^1.3.0",
        "wrappy": "1"
      }
    },
    "inherits": {
      "version": "2.0.4",
      "resolved": "https://registry.npmjs.org/inherits/-/inherits-2.0.4.tgz",
      "integrity": "sha512-k/vGaX4/Yla3WzyMCvTQOXYeIHvqOKtnqBduzTHpzpQZzAskKMhZ2K+EnBiSM9zGSoIFeMpXKxa4dYeZIQqewQ=="
    },
    "is-browser": {
      "version": "2.1.0",
      "resolved": "https://registry.npmjs.org/is-browser/-/is-browser-2.1.0.tgz",
      "integrity": "sha512-F5rTJxDQ2sW81fcfOR1GnCXT6sVJC104fCyfj+mjpwNEwaPYSn5fte5jiHmBg3DHsIoL/l8Kvw5VN5SsTRcRFQ=="
    },
    "is-extendable": {
      "version": "0.1.1",
      "resolved": "https://registry.npmjs.org/is-extendable/-/is-extendable-0.1.1.tgz",
      "integrity": "sha512-5BMULNob1vgFX6EjQw5izWDxrecWK9AM72rugNr0TFldMOi0fj6Jk+zeKIt0xGj4cEfQIJth4w3OKWOJ4f+AFw=="
    },
    "is-number": {
      "version": "7.0.0",
      "resolved": "https://registry.npmjs.org/is-number/-/is-number-7.0.0.tgz",
      "integrity": "sha512-41Cifkg6e8TylSpdtTpeLVMqvSBEVzTttHvERD741+pnZ8ANv0004MRL43QKPDlK9cGvNp6NZWZUBlbGXYxxng=="
    },
    "is-utf8": {
      "version": "0.2.1",
      "resolved": "https://registry.npmjs.org/is-utf8/-/is-utf8-0.2.1.tgz",
      "integrity": "sha512-rMYPYvCzsXywIsldgLaSoPlw5PfoB/ssr7hY4pLfcodrA5M/eArza1a9VmTiNIBNMjOGr1Ow9mTyU2o69U6U9Q=="
    },
    "isexe": {
      "version": "2.0.0",
      "resolved": "https://registry.npmjs.org/isexe/-/isexe-2.0.0.tgz",
      "integrity": "sha512-RHxMLp9lnKHGHRng9QFhRCMbYAcVpn69smSGcq3f36xjgVVWThj4qqLbTLlq7Ssj8B+fIQ1EuCEGI2lKsyQeIw=="
    },
    "js-base64": {
      "version": "2.1.9",
      "resolved": "https://registry.npmjs.org/js-base64/-/js-base64-2.1.9.tgz",
      "integrity": "sha512-f+5mYh8iF7FlF7zgmj/yqvvYQUHI0kAxGiLjIfNxZzqJ7RQNc4sjgp8crVJw0Kzv2O6aFGZWgMTnO71I9utHSg=="
    },
    "js-yaml": {
      "version": "3.14.1",
      "resolved": "https://registry.npmjs.org/js-yaml/-/js-yaml-3.14.1.tgz",
      "integrity": "sha512-okMH7OXXJ7YrN9Ok3/SXrnu4iX9yOk+25nqX4imS2npuvTYDmo/QEZoqwZkYaIDk3jVvBOTOIEgEhaLOynBS9g==",
      "requires": {
        "argparse": "^1.0.7",
        "esprima": "^4.0.0"
      }
    },
    "kind-of": {
      "version": "6.0.3",
      "resolved": "https://registry.npmjs.org/kind-of/-/kind-of-6.0.3.tgz",
      "integrity": "sha512-dcS1ul+9tmeD95T+x28/ehLgd9mENa3LsvDTtzm3vyBEO7RPptvAD+t44WVXaUjTBRcrpFeFlC8WCruUR456hw=="
    },
    "metalsmith": {
      "version": "2.5.0",
      "resolved": "https://registry.npmjs.org/metalsmith/-/metalsmith-2.5.0.tgz",
      "integrity": "sha512-tBFpCMq8t/ZeD8qbvyWSLjyW7aO8RJYeFSk8LyclgHYaeMWiSPrMxXc3NORVCJ3iG17aRxuL/+nla58Qq3DBcQ==",
      "requires": {
        "commander": "^6.2.1",
        "cross-spawn": "^7.0.3",
        "debug": "^4.3.3",
        "gray-matter": "^4.0.3",
        "is-utf8": "~0.2.0",
        "micromatch": "^4.0.5",
        "rimraf": "^3.0.2",
        "stat-mode": "^1.0.0",
        "ware": "^1.3.0"
      }
    },
    "micromatch": {
      "version": "4.0.5",
      "resolved": "https://registry.npmjs.org/micromatch/-/micromatch-4.0.5.tgz",
      "integrity": "sha512-DMy+ERcEW2q8Z2Po+WNXuw3c5YaUSFjAO5GsJqfEl7UjvtIuFKO6ZrKvcItdy98dwFI2N1tg3zNIdKaQT+aNdA==",
      "requires": {
        "braces": "^3.0.2",
        "picomatch": "^2.3.1"
      }
    },
    "minimatch": {
      "version": "3.1.2",
      "resolved": "https://registry.npmjs.org/minimatch/-/minimatch-3.1.2.tgz",
      "integrity": "sha512-J7p63hRiAjw1NDEww1W7i37+ByIrOWO5XQQAzZ3VOcL0PNybwpfmV/N05zFAzwQ9USyEcX6t3UO+K5aqBQOIHw==",
      "requires": {
        "brace-expansion": "^1.1.7"
      }
    },
    "ms": {
      "version": "2.1.2",
      "resolved": "https://registry.npmjs.org/ms/-/ms-2.1.2.tgz",
      "integrity": "sha512-sGkPx+VjMtmA6MX27oA4FBFELFCZZ4S4XqeGOXCv68tT+jb3vk/RyaKWP0PTKyWtmLSM0b+adUTEvbs1PEaH2w=="
    },
    "myth": {
      "version": "1.5.0",
      "resolved": "https://registry.npmjs.org/myth/-/myth-1.5.0.tgz",
      "integrity": "sha512-kYuaKsLtZQI78TFJ1kZkoiWJ1zDJT+jFb5l9SMv0XOApb8K6gXNiObTKPt9SCn/5zKEILm4FfvNZsJARSDZXvQ==",
      "requires": {
        "autoprefixer-core": "^5.2.1",
        "clone-component": "~0.2.2",
        "colors": "~0.6.2",
        "commander": "^2.1.0",
        "is-browser": "^2.0.0",
        "node-watch": "~0.3.4",
        "pad-component": "~0.0.1",
        "postcss": "^4.1.16",
        "read-file-stdin": "^0.2.0",
        "rework": "^1.0.0",
        "rework-calc": "^1.1.0",
        "rework-color-function": "^1.0.0",
        "rework-custom-media": "~0.1.1",
        "rework-font-variant": "1.0.1",
        "rework-hex-alpha": "^1.0.0",
        "rework-import": "^1.2.0",
        "rework-rebeccapurple": "^1.0.1",
        "rework-vars": "^3.0.0",
        "to-slug-case": "~0.1.2",
        "to-space-case": "~0.1.3",
        "write-file-stdout": "~0.0.2"
      },
      "dependencies": {
        "commander": {
          "version": "2.20.3",
          "resolved": "https://registry.npmjs.org/commander/-/commander-2.20.3.tgz",
          "integrity": "sha512-GpVkmM8vF2vQUkj2LvZmD35JxeJOLCwJ9cUkugyk2nuhbv3+mJvpLYYt+0+USMxE+oj+ey/lJEnhZw75x/OMcQ=="
        }
      }
    },
    "node-watch": {
      "version": "0.3.5",
      "resolved": "https://registry.npmjs.org/node-watch/-/node-watch-0.3.5.tgz",
      "integrity": "sha512-tBZgvdY01GLzXjMS7o3BgAqHbuzKtLdFayZHVrlSJM9T4G7U1T9GzIx5yhR5KBDa+12GA1u8sogyhS+3cwV9lA=="
    },
    "num2fraction": {
      "version": "1.2.2",
      "resolved": "https://registry.npmjs.org/num2fraction/-/num2fraction-1.2.2.tgz",
      "integrity": "sha512-Y1wZESM7VUThYY+4W+X4ySH2maqcA+p7UR+w8VWNWVAd6lwuXXWz/w/Cz43J/dI2I+PS6wD5N+bJUF+gjWvIqg=="
    },
    "once": {
      "version": "1.4.0",
      "resolved": "https://registry.npmjs.org/once/-/once-1.4.0.tgz",
      "integrity": "sha512-lNaJgI+2Q5URQBkccEKHTQOPaXdUxnZZElQTZY0MFUAuaEqe1E+Nyvgdz/aIyNi6Z9MzO5dv1H8n58/GELp3+w==",
      "requires": {
        "wrappy": "1"
      }
    },
    "pad-component": {
      "version": "0.0.1",
      "resolved": "https://registry.npmjs.org/pad-component/-/pad-component-0.0.1.tgz",
      "integrity": "sha512-8EKVBxCRSvLnsX1p2LlSFSH3c2/wuhY9/BXXWu8boL78FbVKqn2L5SpURt1x5iw6Gq8PTqJ7MdPoe5nCtX3I+g=="
    },
    "parse-import": {
      "version": "0.1.3",
      "resolved": "https://registry.npmjs.org/parse-import/-/parse-import-0.1.3.tgz",
      "integrity": "sha512-uwzKCHnYPTbzYVE28BHoie52S/z0MvsoeoWKDXfMMer20JTvSjN8GKjqDFWFW4Fjfyq8BcL8oD2k4PizdV8ESg=="
    },
    "path-is-absolute": {
      "version": "1.0.1",
      "resolved": "https://registry.npmjs.org/path-is-absolute/-/path-is-absolute-1.0.1.tgz",
      "integrity": "sha512-AVbw3UJ2e9bq64vSaS9Am0fje1Pa8pbGqTTsmXfaIiMpnr5DlDhfJOuLj9Sf95ZPVDAUerDfEk88MPmPe7UCQg=="
    },
    "path-key": {
      "version": "3.1.1",
      "resolved": "https://registry.npmjs.org/path-key/-/path-key-3.1.1.tgz",
      "integrity": "sha512-ojmeN0qd+y0jszEtoY48r0Peq5dwMEkIlCOu6Q5f41lfkswXuKtYrhgoTpLnyIcHm24Uhqx+5Tqm2InSwLhE6Q=="
    },
    "picomatch": {
      "version": "2.3.1",
      "resolved": "https://registry.npmjs.org/picomatch/-/picomatch-2.3.1.tgz",
      "integrity": "sha512-JU3teHTNjmE2VCGFzuY8EXzCDVwEqB2a8fsIvwaStHhAWJEeVd1o1QD80CU6+ZdEXXSLbSsuLwJjkCBWqRQUVA=="
    },
    "postcss": {
      "version": "4.1.16",
      "resolved": "https://registry.npmjs.org/postcss/-/postcss-4.1.16.tgz",
      "integrity": "sha512-aAutxE8MvL1bHylFMYb2c2nniFax8XDztHzZ+x5DVsNJnoW6VHvGSNSqdW3+ip255HCWfPjayVVFzMmyiL7opA==",
      "requires": {
        "es6-promise": "~2.3.0",
        "js-base64": "~2.1.8",
        "source-map": "~0.4.2"
      }
    },
    "read-file-stdin": {
      "version": "0.2.1",
      "resolved": "https://registry.npmjs.org/read-file-stdin/-/read-file-stdin-0.2.1.tgz",
      "integrity": "sha512-dAqysQ4kfj9m5aejZOPr+aRGXZJXdLkMOLZ3BXMwMBQHiO+aylGBFJPh88AYPQrOf+D43F4Uc2oUIW9kBlItLA==",
      "requires": {
        "gather-stream": "^1.0.0"
      }
    },
    "resolve-url": {
      "version": "0.2.1",
      "resolved": "https://registry.npmjs.org/resolve-url/-/resolve-url-0.2.1.tgz",
      "integrity": "sha512-ZuF55hVUQaaczgOIwqWzkEcEidmlD/xl44x1UZnhOXcYuFN2S6+rcxpG+C1N3So0wvNI3DmJICUFfu2SxhBmvg=="
    },
    "rework": {
      "version": "1.0.1",
      "resolved": "https://registry.npmjs.org/rework/-/rework-1.0.1.tgz",
      "integrity": "sha512-eEjL8FdkdsxApd0yWVZgBGzfCQiT8yqSc2H1p4jpZpQdtz7ohETiDMoje5PlM8I9WgkqkreVxFUKYOiJdVWDXw==",
      "requires": {
        "convert-source-map": "^0.3.3",
        "css": "^2.0.0"
      }
    },
    "rework-calc": {
      "version": "1.1.0",
      "resolved": "https://registry.npmjs.org/rework-calc/-/rework-calc-1.1.0.tgz",
      "integrity": "sha512-fh3dMZxj7HM9gdMPj2G0I4al5K+Ztr0bSgp4JYHX2WngZBPcMY1g6EPPTXwQ8gC/SV3letz+VabTInZh84crEw==",
      "requires": {
        "balanced-match": "~0.1.0",
        "rework-visit": "^1.0.0"
      },
      "dependencies": {
        "balanced-match": {
          "version": "0.1.0",
          "resolved": "https://registry.npmjs.org/balanced-match/-/balanced-match-0.1.0.tgz",
          "integrity": "sha512-4xb6XqAEo3Z+5pEDJz33R8BZXI8FRJU+cDNLdKgDpmnz+pKKRVYLpdv+VvUAC7yUhBMj4izmyt19eCGv1QGV7A=="
        }
      }
    },
    "rework-color-function": {
      "version": "1.2.1",
      "resolved": "https://registry.npmjs.org/rework-color-function/-/rework-color-function-1.2.1.tgz",
      "integrity": "sha512-3UpnTiJz6g3lBHtwtzixAN3JkCoxga2jLqvwmw1MF3zHkWBJkaWm13pBgMKL3f6uFto5w10qlTnf2ykZE7IinA==",
      "requires": {
        "balanced-match": "^0.0.0",
        "css-color-function": "^1.2.0"
      },
      "dependencies": {
        "balanced-match": {
          "version": "0.0.0",
          "resolved": "https://registry.npmjs.org/balanced-match/-/balanced-match-0.0.0.tgz",
          "integrity": "sha512-daYFGv8RHJKIcx7l5jAzeS86+pMEgTAcbF7Q89qnrgRVI1GEDkuGABNGzkcWYrUwUZJ4+uUf8hF4n3SZMIPVOQ=="
        }
      }
    },
    "rework-custom-media": {
      "version": "0.1.1",
      "resolved": "https://registry.npmjs.org/rework-custom-media/-/rework-custom-media-0.1.1.tgz",
      "integrity": "sha512-pZR+xUaWDTLpq9i4aG7TTFQSO8FxkOGY57CuscQZ1CLzWuBDt0CuE73CW50Ij/2s0B1/lPnW6yDHdt9mFbzY8w=="
    },
    "rework-font-variant": {
      "version": "1.0.1",
      "resolved": "https://registry.npmjs.org/rework-font-variant/-/rework-font-variant-1.0.1.tgz",
      "integrity": "sha512-pQzrq7HdBebZ72ngEvLFSmXJPgvgcz105oXnqtZOCKHfZtnCJMMBJzCdJWcdYg/EwUwPv9SBaceROg04vTYIbA=="
    },
    "rework-hex-alpha": {
      "version": "1.0.0",
      "resolved": "https://registry.npmjs.org/rework-hex-alpha/-/rework-hex-alpha-1.0.0.tgz",
      "integrity": "sha512-LBpt/e10htoSjSSXGLEo+K/Hzs6B9TaEnhSUZYTeeE1AIQU9+6QixXqMud9aHQmSbnOmeoskyrgAkbrmO6eHlQ==",
      "requires": {
        "rgb": "0.0.1"
      },
      "dependencies": {
        "rgb": {
          "version": "0.0.1",
          "resolved": "https://registry.npmjs.org/rgb/-/rgb-0.0.1.tgz",
          "integrity": "sha512-hwBR0ttDW/I7cWimiyuK1bfQLy5YVzyiJ3zpv/BbCH4DvU2PboH/gkXjTs51WA6f4UKVkIZnyBmoo/RRcToQEg=="
        }
      }
    },
    "rework-import": {
      "version": "1.2.1",
      "resolved": "https://registry.npmjs.org/rework-import/-/rework-import-1.2.1.tgz",
      "integrity": "sha512-qQ4LiQpH+PYg7a8EQ6Ana2ASahT5Qf57kNhWU7s5izu6Olkw3qA2jyDuIvxexoiBoXzkMXGzhCKauCQfOAYauA==",
      "requires": {
        "css": "^2.0.0",
        "find-file": "~0.1.0",
        "parse-import": "~0.1.3"
      }
    },
    "rework-rebeccapurple": {
      "version": "1.0.1",
      "resolved": "https://registry.npmjs.org/rework-rebeccapurple/-/rework-rebeccapurple-1.0.1.tgz",
      "integrity": "sha512-4LsPsanJSnync4o68Uc0QGyGjigBd6+E5y22oBYqdZUeg2/ZEh0M7PIqhIAWRu4Fw0XL9uo97Aiglbx2rjGTcw=="
    },
    "rework-vars": {
      "version": "3.1.1",
      "resolved": "https://registry.npmjs.org/rework-vars/-/rework-vars-3.1.1.tgz",
      "integrity": "sha512-QkMNrnZ4cDI+iyKhqx2r9SOIrHhTbjYG0TW0R+M8IPY5OvIz9jmM17VYS8isKLr4Lr3Kb156R3n/ZxPVJHxfZQ==",
      "requires": {
        "balanced-match": "~0.1.0",
        "rework-visit": "1.0.0"
      },
      "dependencies": {
        "balanced-match": {
          "version": "0.1.0",
          "resolved": "https://registry.npmjs.org/balanced-match/-/balanced-match-0.1.0.tgz",
          "integrity": "sha512-4xb6XqAEo3Z+5pEDJz33R8BZXI8FRJU+cDNLdKgDpmnz+pKKRVYLpdv+VvUAC7yUhBMj4izmyt19eCGv1QGV7A=="
        }
      }
    },
    "rework-visit": {
      "version": "1.0.0",
      "resolved": "https://registry.npmjs.org/rework-visit/-/rework-visit-1.0.0.tgz",
      "integrity": "sha512-W6V2fix7nCLUYX1v6eGPrBOZlc03/faqzP4sUxMAJMBMOPYhfV/RyLegTufn5gJKaOITyi+gvf0LXDZ9NzkHnQ=="
    },
    "rgb": {
      "version": "0.1.0",
      "resolved": "https://registry.npmjs.org/rgb/-/rgb-0.1.0.tgz",
      "integrity": "sha512-F49dXX73a92N09uQkfCp2QjwXpmJcn9/i9PvjmwsSIXUGqRLCf/yx5Q9gRxuLQTq248kakqQuc8GX/U/CxSqlA=="
    },
    "rimraf": {
      "version": "3.0.2",
      "resolved": "https://registry.npmjs.org/rimraf/-/rimraf-3.0.2.tgz",
      "integrity": "sha512-JZkJMZkAGFFPP2YqXZXPbMlMBgsxzE8ILs4lMIX/2o0L9UBw9O/Y3o6wFw/i9YLapcUJWwqbi3kdxIPdC62TIA==",
      "requires": {
        "glob": "^7.1.3"
      }
    },
    "section-matter": {
      "version": "1.0.0",
      "resolved": "https://registry.npmjs.org/section-matter/-/section-matter-1.0.0.tgz",
      "integrity": "sha512-vfD3pmTzGpufjScBh50YHKzEu2lxBWhVEHsNGoEXmCmn2hKGfeNLYMzCJpe8cD7gqX7TJluOVpBkAequ6dgMmA==",
      "requires": {
        "extend-shallow": "^2.0.1",
        "kind-of": "^6.0.0"
      }
    },
    "shebang-command": {
      "version": "2.0.0",
      "resolved": "https://registry.npmjs.org/shebang-command/-/shebang-command-2.0.0.tgz",
      "integrity": "sha512-kHxr2zZpYtdmrN1qDjrrX/Z1rR1kG8Dx+gkpK1G4eXmvXswmcE1hTWBWYUzlraYw1/yZp6YuDY77YtvbN0dmDA==",
      "requires": {
        "shebang-regex": "^3.0.0"
      }
    },
    "shebang-regex": {
      "version": "3.0.0",
      "resolved": "https://registry.npmjs.org/shebang-regex/-/shebang-regex-3.0.0.tgz",
      "integrity": "sha512-7++dFhtcx3353uBaq8DDR4NuxBetBzC7ZQOhmTQInHEd6bSrXdiEyzCvG07Z44UYdLShWUyXt5M/yhz8ekcb1A=="
    },
    "source-map": {
      "version": "0.4.4",
      "resolved": "https://registry.npmjs.org/source-map/-/source-map-0.4.4.tgz",
      "integrity": "sha512-Y8nIfcb1s/7DcobUz1yOO1GSp7gyL+D9zLHDehT7iRESqGSxjJ448Sg7rvfgsRJCnKLdSl11uGf0s9X80cH0/A==",
      "requires": {
        "amdefine": ">=0.0.4"
      }
    },
    "source-map-resolve": {
      "version": "0.5.3",
      "resolved": "https://registry.npmjs.org/source-map-resolve/-/source-map-resolve-0.5.3.tgz",
      "integrity": "sha512-Htz+RnsXWk5+P2slx5Jh3Q66vhQj1Cllm0zvnaY98+NFx+Dv2CF/f5O/t8x+KaNdrdIAsruNzoh/KpialbqAnw==",
      "requires": {
        "atob": "^2.1.2",
        "decode-uri-component": "^0.2.0",
        "resolve-url": "^0.2.1",
        "source-map-url": "^0.4.0",
        "urix": "^0.1.0"
      }
    },
    "source-map-url": {
      "version": "0.4.1",
      "resolved": "https://registry.npmjs.org/source-map-url/-/source-map-url-0.4.1.tgz",
      "integrity": "sha512-cPiFOTLUKvJFIg4SKVScy4ilPPW6rFgMgfuZJPNoDuMs3nC1HbMUycBoJw77xFIp6z1UJQJOfx6C9GMH80DiTw=="
    },
    "sprintf-js": {
      "version": "1.0.3",
      "resolved": "https://registry.npmjs.org/sprintf-js/-/sprintf-js-1.0.3.tgz",
      "integrity": "sha512-D9cPgkvLlV3t3IzL0D0YLvGA9Ahk4PcvVwUbN0dSGr1aP0Nrt4AEnTUbuGvquEC0mA64Gqt1fzirlRs5ibXx8g=="
    },
    "stat-mode": {
      "version": "1.0.0",
      "resolved": "https://registry.npmjs.org/stat-mode/-/stat-mode-1.0.0.tgz",
      "integrity": "sha512-jH9EhtKIjuXZ2cWxmXS8ZP80XyC3iasQxMDV8jzhNJpfDb7VbQLVW4Wvsxz9QZvzV+G4YoSfBUVKDOyxLzi/sg=="
    },
    "strip-bom-string": {
      "version": "1.0.0",
      "resolved": "https://registry.npmjs.org/strip-bom-string/-/strip-bom-string-1.0.0.tgz",
      "integrity": "sha512-uCC2VHvQRYu+lMh4My/sFNmF2klFymLX1wHJeXnbEJERpV/ZsVuonzerjfrGpIGF7LBVa1O7i9kjiWvJiFck8g=="
    },
    "to-no-case": {
      "version": "0.1.1",
      "resolved": "https://registry.npmjs.org/to-no-case/-/to-no-case-0.1.1.tgz",
      "integrity": "sha512-XNChsa36ssNQibYbv/kBSLb0jEfPuePdnbX1tBpHypUbtjBSR8ihaDRRYPZLMstjSpPM+onSgxeDjg+lgfIzZQ=="
    },
    "to-regex-range": {
      "version": "5.0.1",
      "resolved": "https://registry.npmjs.org/to-regex-range/-/to-regex-range-5.0.1.tgz",
      "integrity": "sha512-65P7iz6X5yEr1cwcgvQxbbIw7Uk3gOy5dIdtZ4rDveLqhrdJP+Li/Hx6tyK0NEb+2GCyneCMJiGqrADCSNk8sQ==",
      "requires": {
        "is-number": "^7.0.0"
      }
    },
    "to-slug-case": {
      "version": "0.1.2",
      "resolved": "https://registry.npmjs.org/to-slug-case/-/to-slug-case-0.1.2.tgz",
      "integrity": "sha512-fRuII4IZCTeOamJbvZ4/5jHtjcOhs7PGbJnk1Xw16VehslecUDanzY6nlWarlnToC+LEfZBJkTpFlaAFNE6ZJg==",
      "requires": {
        "to-space-case": "0.1.2"
      },
      "dependencies": {
        "to-space-case": {
          "version": "0.1.2",
          "resolved": "https://registry.npmjs.org/to-space-case/-/to-space-case-0.1.2.tgz",
          "integrity": "sha512-DtF9QZwx8W6WMhrCuvUZJYX9sT74/VOdVxi68EkEu3gt0SUQHhJG+UYbQI0559XcchsX7gziPlWuV4dEGC59dA==",
          "requires": {
            "to-no-case": "0.1.1"
          }
        }
      }
    },
    "to-space-case": {
      "version": "0.1.3",
      "resolved": "https://registry.npmjs.org/to-space-case/-/to-space-case-0.1.3.tgz",
      "integrity": "sha512-No/C8fjUx7NdEi/+uoxWG0uiI12/5atXQiXcJiEw+IfMyuBfXYtgUZGa0NNSFjEAhoXGvS9rM8wI5JanyD548w==",
      "requires": {
        "to-no-case": "0.1.2"
      },
      "dependencies": {
        "to-no-case": {
          "version": "0.1.2",
          "resolved": "https://registry.npmjs.org/to-no-case/-/to-no-case-0.1.2.tgz",
          "integrity": "sha512-8EdD6ACY4M4UlQX6rX4TMG6TypGI6tDbD80nhWiPDImHuu7ndsQbUrh2KQedhkNx90OpTurtv9OSTCBbq4yfLw=="
        }
      }
    },
    "urix": {
      "version": "0.1.0",
      "resolved": "https://registry.npmjs.org/urix/-/urix-0.1.0.tgz",
      "integrity": "sha512-Am1ousAhSLBeB9cG/7k7r2R0zj50uDRlZHPGbazid5s9rlF1F/QKYObEKSIunSjIOkJZqwRRLpvewjEkM7pSqg=="
    },
    "ware": {
      "version": "1.3.0",
      "resolved": "https://registry.npmjs.org/ware/-/ware-1.3.0.tgz",
      "integrity": "sha512-Y2HUDMktriUm+SR2gZWxlrszcgtXExlhQYZ8QJNYbl22jum00KIUcHJ/h/sdAXhWTJcbSkiMYN9Z2tWbWYSrrw==",
      "requires": {
        "wrap-fn": "^0.1.0"
      }
    },
    "which": {
      "version": "2.0.2",
      "resolved": "https://registry.npmjs.org/which/-/which-2.0.2.tgz",
      "integrity": "sha512-BLI3Tl1TW3Pvl70l3yq3Y64i+awpwXqsGBYWkkqMtnbXgrMD+yj7rhW0kuEDxzJaYXGjEW5ogapKNMEKNMjibA==",
      "requires": {
        "isexe": "^2.0.0"
      }
    },
    "wrap-fn": {
      "version": "0.1.5",
      "resolved": "https://registry.npmjs.org/wrap-fn/-/wrap-fn-0.1.5.tgz",
      "integrity": "sha512-xDLdGx0M8JQw9QDAC9s5NUxtg9MI09F6Vbxa2LYoSoCvzJnx2n81YMIfykmXEGsUvuLaxnblJTzhSOjUOX37ag==",
      "requires": {
        "co": "3.1.0"
      }
    },
    "wrappy": {
      "version": "1.0.2",
      "resolved": "https://registry.npmjs.org/wrappy/-/wrappy-1.0.2.tgz",
      "integrity": "sha512-l4Sp/DRseor9wL6EvV2+TuQn63dMkPjZ/sp9XkghTEbV9KlPS1xUsZ3u7/IQO4wxtcFB4bgpQPRcR3QCvezPcQ=="
    },
    "write-file-stdout": {
      "version": "0.0.2",
      "resolved": "https://registry.npmjs.org/write-file-stdout/-/write-file-stdout-0.0.2.tgz",
      "integrity": "sha512-KofbSPeePSre3soWCMaqcWHVZy9t/rbJaEMa2h19cupODsvc4eh7390Se1TjzZEL77rS+D6dznu0TLXyCbR+sw=="
    }
  }
}
